
Microsoft Visual Studio Solution File, Format Version 12.00
# Visual Studio Version 16
VisualStudioVersion = 16.0.30611.23
MinimumVisualStudioVersion = 10.0.40219.1
Project("{FAE04EC0-301F-11D3-BF4B-00C04F79EFBC}") = "SimpleSpeedMonitor", "SimpleSpeedMonitor\SimpleSpeedMonitor.csproj", "{7D63A50F-07D9-4321-A45A-395964DC1523}"
EndProject
Project("{FAE04EC0-301F-11D3-BF4B-00C04F79EFBC}") = "SharpShell", "SharpShell\SharpShell.csproj", "{B6A3B2AF-F8F1-4B9D-A657-7998D8E04762}"
EndProject
Global
	GlobalSection(SolutionConfigurationPlatforms) = preSolution
		Debug|Any CPU = Debug|Any CPU
		Release|Any CPU = Release|Any CPU
	EndGlobalSection
	GlobalSection(ProjectConfigurationPlatforms) = postSolution
		{7D63A50F-07D9-4321-A45A-395964DC1523}.Debug|Any CPU.ActiveCfg = Debug|Any CPU
		{7D63A50F-07D9-4321-A45A-395964DC1523}.Debug|Any CPU.Build.0 = Debug|Any CPU
		{7D63A50F-07D9-4321-A45A-395964DC1523}.Release|Any CPU.ActiveCfg = Release|Any CPU
		{7D63A50F-07D9-4321-A45A-395964DC1523}.Release|Any CPU.Build.0 = Release|Any CPU
		{B6A3B2AF-F8F1-4B9D-A657-7998D8E04762}.Debug|Any CPU.ActiveCfg = Debug|Any CPU
		{B6A3B2AF-F8F1-4B9D-A657-7998D8E04762}.Debug|Any CPU.Build.0 = Debug|Any CPU
		{B6A3B2AF-F8F1-4B9D-A657-7998D8E04762}.Release|Any CPU.ActiveCfg = Release|Any CPU
		{B6A3B2AF-F8F1-4B9D-A657-7998D8E04762}.Release|Any CPU.Build.0 = Release|Any CPU
	EndGlobalSection
	GlobalSection(SolutionProperties) = preSolution
		HideSolutionNode = FALSE
	EndGlobalSection
	GlobalSection(ExtensibilityGlobals) = postSolution
		SolutionGuid = {FE9EEED2-8058-4E50-AF0C-D36D7B24C586}
	EndGlobalSection
EndGlobal
